{
  "version": "2",
  "remote": {},
  "npm": {
    "specifiers": {
      "@effect/io": "@effect/io@0.0.63",
      "@fp-ts/data": "@fp-ts/data@0.0.39"
    },
    "packages": {
      "@effect/io@0.0.63": {
        "integrity": "sha512-Xsa0KTuJOkJ8u5ePdaNaA21a5dTrQI8prAMXqnMabcxpDCRbDxmoXHmtPx0ZueF+jBoSxCWCKUHZzgTQa/sZhg==",
        "dependencies": {
          "@fp-ts/core": "@fp-ts/core@0.0.11",
          "@fp-ts/data": "@fp-ts/data@0.0.39"
        }
      },
      "@fp-ts/core@0.0.11": {
        "integrity": "sha512-BCAJBYzghwoJpcUOARJ1tui50HoYJFlV2pJlVMlsEkDFhD8MTtq8xQVpZCRF66RmtkxtGBYINCQ+5H1lRaL35Q==",
        "dependencies": {}
      },
      "@fp-ts/data@0.0.39": {
        "integrity": "sha512-dNw1LWjQmChmdenrDuxPct+ycucgKQQboVtWqov8rkAGY3DULznoSDJZam6l2kaLdq1ScPv810N4mzLLT+cBBw==",
        "dependencies": { "@fp-ts/core": "@fp-ts/core@0.0.11" }
      }
    }
  }
}
