lockfileVersion: '6.0'

settings:
  autoInstallPeers: true
  excludeLinksFromLockfile: false

devDependencies:
  typescript:
    specifier: https://cdn.jsdelivr.net/npm/@tsplus/installer@0.0.156/compiler/typescript.tgz
    version: '@cdn.jsdelivr.net/npm/@tsplus/installer@0.0.156/compiler/typescript.tgz'

packages:

  '@cdn.jsdelivr.net/npm/@tsplus/installer@0.0.156/compiler/typescript.tgz':
    resolution: {tarball: https://cdn.jsdelivr.net/npm/@tsplus/installer@0.0.156/compiler/typescript.tgz}
    name: typescript
    version: 5.0.0-tsplus.20221124
    engines: {node: '>=4.2.0'}
    hasBin: true
    dev: true
