# THIS IS AN AUTOGENERATED FILE. DO NOT EDIT THIS FILE DIRECTLY.
# yarn lockfile v1


"typescript@https://cdn.jsdelivr.net/npm/@tsplus/installer@0.0.156/compiler/typescript.tgz":
  version "5.0.0-tsplus.20221124"
  resolved "https://cdn.jsdelivr.net/npm/@tsplus/installer@0.0.156/compiler/typescript.tgz#1e17326a74a7b2001731880ed08ba47d38893dd7"
