# THIS IS AN AUTOGENERATED FILE. DO NOT EDIT THIS FILE DIRECTLY.
# yarn lockfile v1


"@cspotcode/source-map-support@^0.8.0":
  version "0.8.1"
  resolved "https://registry.yarnpkg.com/@cspotcode/source-map-support/-/source-map-support-0.8.1.tgz#00629c35a688e05a88b1cda684fb9d5e73f000a1"
  integrity sha512-IchNf6dN4tHoMFIn/7OE8LWZ19Y6q/67Bmf6vnGREv8RSbBVb9LPJxEcnwrcwX6ixSvaiGoomAUvu4YSxXrVgw==
  dependencies:
    "@jridgewell/trace-mapping" "0.3.9"

"@effect/core@^0.0.16":
  version "0.0.16"
  resolved "https://registry.yarnpkg.com/@effect/core/-/core-0.0.16.tgz#b3199462a12609fbaf1c52f218f3ff11d9c8f3f6"
  integrity sha512-JugbKcqo9CPdm4n7t/buO4nYxKwThafh0tXVvPgRC3RcwuOS1dzo3tIk6RVq1wYh8Kg4df5SwmdED2VvN4c/RA==
  dependencies:
    "@effect/printer" "^0.0.4"
    "@tsplus/stdlib" "^0.2.8"

"@effect/io@^0.0.13":
  version "0.0.13"
  resolved "https://registry.yarnpkg.com/@effect/io/-/io-0.0.13.tgz#658b15b274e5409fa5b02db581257484a700bced"
  integrity sha512-awNuSDO9t/3eTwMHowkxdrjf8bx6wDW/aK+5TrzKhCCj4uIiqpd6Ye3Xolfflf6wzys2UaD868lFZm0cMjN6WA==
  dependencies:
    "@effect/printer" "^0.1.3"
    "@fp-ts/core" "^0.0.8"
    "@fp-ts/data" "^0.0.15"

"@effect/language-service@^0.0.4":
  version "0.0.4"
  resolved "https://registry.yarnpkg.com/@effect/language-service/-/language-service-0.0.4.tgz#77d9df0494089c752560ca3b415dc160a334c3ca"
  integrity sha512-k9DhSvit40DBxIGUqso1UTNaGRwQ43v6r6E4dNo9GGtUPS/LH/cXjUk+IJVfQ/3wOxRJxWKkItrEhwDswnQlTQ==
  dependencies:
    "@effect/core" "^0.0.16"
    "@effect/printer" "^0.1.3"
    "@fp-ts/core" "^0.0.8"
    "@fp-ts/data" "^0.0.15"
    "@tsplus/stdlib" "^0.2.8"

"@effect/printer@^0.0.4":
  version "0.0.4"
  resolved "https://registry.yarnpkg.com/@effect/printer/-/printer-0.0.4.tgz#3c829e0c3f42c64cb2e7768573b3b49a6e81ebc2"
  integrity sha512-oTn6U9GCg01E+kYwUBs4LM6k6hVq0pA7ZAYKdj972n2LjYeqg4+We6ZqoYWH2Pw5TDHOavtIEdYqt61uUxiZgg==
  dependencies:
    "@tsplus/stdlib" "^0.2.6"

"@effect/printer@^0.1.3":
  version "0.1.3"
  resolved "https://registry.yarnpkg.com/@effect/printer/-/printer-0.1.3.tgz#dac4be1d58d3d23327aa37b9d29280dba04d4ebc"
  integrity sha512-3ujmcuxMSg5ZyNHpgwHxYH4uru5KoCLN/t6OQdhsqwOjZuLhOtlUt4YD4XGV7zZELTzPhf54+M9nrOD2x7BHZA==
  dependencies:
    "@fp-ts/core" "^0.0.8"
    "@fp-ts/data" "^0.0.15"

"@fp-ts/core@^0.0.8":
  version "0.0.8"
  resolved "https://registry.yarnpkg.com/@fp-ts/core/-/core-0.0.8.tgz#4b1144e01e175cd79956a65c99409862640c6e4d"
  integrity sha512-TcZnP2Oc5b2eJ949z81sI3wdt9GpFFufwpEb6VOIlTQTucx18xNXPWmKv+1jrDacfdDh6Q8rP9kUSRohRUz5pQ==

"@fp-ts/data@^0.0.15":
  version "0.0.15"
  resolved "https://registry.yarnpkg.com/@fp-ts/data/-/data-0.0.15.tgz#603207d518a0f7343ec1983300323c68e516d7af"
  integrity sha512-l4CFWx6wl9Nk5MSyeZa+kzAZVVZQZATTEHfQb05QiDgCI+hqQ77O5Ox0smvJALRze6vh/Sz4GLmPwUrdcANVwQ==
  dependencies:
    "@fp-ts/core" "^0.0.8"

"@fp-ts/optic@^0.0.2":
  version "0.0.2"
  resolved "https://registry.yarnpkg.com/@fp-ts/optic/-/optic-0.0.2.tgz#8cc287bd7a6223c2d175bce46857d0e1184763ab"
  integrity sha512-FrshAl6+NJm/kK8klk2ISlRZICQHVjFdseG59t/ZHWMGy5PKpFN8ctrzxaz/alKCfmeSmnChgQKzLsN3yIj/Tw==
  dependencies:
    "@fp-ts/core" "^0.0.8"
    "@fp-ts/data" "^0.0.15"

"@jridgewell/resolve-uri@^3.0.3":
  version "3.1.0"
  resolved "https://registry.yarnpkg.com/@jridgewell/resolve-uri/-/resolve-uri-3.1.0.tgz#2203b118c157721addfe69d47b70465463066d78"
  integrity sha512-F2msla3tad+Mfht5cJq7LSXcdudKTWCVYUgw6pLFOOHSTtZlj6SWNYAp+AhuqLmWdBO2X5hPrLcu8cVP8fy28w==

"@jridgewell/sourcemap-codec@^1.4.10":
  version "1.4.14"
  resolved "https://registry.yarnpkg.com/@jridgewell/sourcemap-codec/-/sourcemap-codec-1.4.14.tgz#add4c98d341472a289190b424efbdb096991bb24"
  integrity sha512-XPSJHWmi394fuUuzDnGz1wiKqWfo1yXecHQMRf2l6hztTO+nPru658AyDngaBe7isIxEkRsPR3FZh+s7iVa4Uw==

"@jridgewell/trace-mapping@0.3.9":
  version "0.3.9"
  resolved "https://registry.yarnpkg.com/@jridgewell/trace-mapping/-/trace-mapping-0.3.9.tgz#6534fd5933a53ba7cbf3a17615e273a0d1273ff9"
  integrity sha512-3Belt6tdc8bPgAtbcmdtNJlirVoTmEb5e2gC94PnkwEW9jI6CAHUeoG85tjWP5WquqfavoMtMwiG4P926ZKKuQ==
  dependencies:
    "@jridgewell/resolve-uri" "^3.0.3"
    "@jridgewell/sourcemap-codec" "^1.4.10"

"@tsconfig/node10@^1.0.7":
  version "1.0.9"
  resolved "https://registry.yarnpkg.com/@tsconfig/node10/-/node10-1.0.9.tgz#df4907fc07a886922637b15e02d4cebc4c0021b2"
  integrity sha512-jNsYVVxU8v5g43Erja32laIDHXeoNvFEpX33OK4d6hljo3jDhCBDhx5dhCCTMWUojscpAagGiRkBKxpdl9fxqA==

"@tsconfig/node12@^1.0.7":
  version "1.0.11"
  resolved "https://registry.yarnpkg.com/@tsconfig/node12/-/node12-1.0.11.tgz#ee3def1f27d9ed66dac6e46a295cffb0152e058d"
  integrity sha512-cqefuRsh12pWyGsIoBKJA9luFu3mRxCA+ORZvA4ktLSzIuCUtWVxGIuXigEwO5/ywWFMZ2QEGKWvkZG1zDMTag==

"@tsconfig/node14@^1.0.0":
  version "1.0.3"
  resolved "https://registry.yarnpkg.com/@tsconfig/node14/-/node14-1.0.3.tgz#e4386316284f00b98435bf40f72f75a09dabf6c1"
  integrity sha512-ysT8mhdixWK6Hw3i1V2AeRqZ5WfXg1G43mqoYlM2nc6388Fq5jcXyr5mRsqViLx/GJYdoL0bfXD8nmF+Zn/Iow==

"@tsconfig/node16@^1.0.2":
  version "1.0.3"
  resolved "https://registry.yarnpkg.com/@tsconfig/node16/-/node16-1.0.3.tgz#472eaab5f15c1ffdd7f8628bd4c4f753995ec79e"
  integrity sha512-yOlFc+7UtL/89t2ZhjPvvB/DeAr3r+Dq58IgzsFkOAvVC6NMJXmCGjbptdXdR9qsX7pKcTL+s87FtYREi2dEEQ==

"@tsplus/stdlib@^0.2.6", "@tsplus/stdlib@^0.2.8":
  version "0.2.8"
  resolved "https://registry.yarnpkg.com/@tsplus/stdlib/-/stdlib-0.2.8.tgz#060380d9d16d5ae059750c469f52e4257a1b6e66"
  integrity sha512-UKAN06h9V/wUflSbOU1WwACisXEi4+PHwGqR+bwxqcClrEAA8KKTTLZ0ATMbqbVAVTudE0vW4pd5iY6vGvSFBw==

"@types/node@^18.11.9":
  version "18.11.9"
  resolved "https://registry.yarnpkg.com/@types/node/-/node-18.11.9.tgz#02d013de7058cea16d36168ef2fc653464cfbad4"
  integrity sha512-CRpX21/kGdzjOpFsZSkcrXMGIBWMGNIHXXBVFSH+ggkftxg+XYP20TESbh+zFvFj3EQOl5byk0HTRn1IL6hbqg==

acorn-walk@^8.1.1:
  version "8.2.0"
  resolved "https://registry.yarnpkg.com/acorn-walk/-/acorn-walk-8.2.0.tgz#741210f2e2426454508853a2f44d0ab83b7f69c1"
  integrity sha512-k+iyHEuPgSw6SbuDpGQM+06HQUa04DZ3o+F6CSzXMvvI5KMvnaEqXe+YVe555R9nn6GPt404fos4wcgpw12SDA==

acorn@^8.4.1:
  version "8.8.1"
  resolved "https://registry.yarnpkg.com/acorn/-/acorn-8.8.1.tgz#0a3f9cbecc4ec3bea6f0a80b66ae8dd2da250b73"
  integrity sha512-7zFpHzhnqYKrkYdUjF1HI1bzd0VygEGX8lFk4k5zVMqHEoES+P+7TKI+EvLO9WVMJ8eekdO0aDEK044xTXwPPA==

arg@^4.1.0:
  version "4.1.3"
  resolved "https://registry.yarnpkg.com/arg/-/arg-4.1.3.tgz#269fc7ad5b8e42cb63c896d5666017261c144089"
  integrity sha512-58S9QDqG0Xx27YwPSt9fJxivjYl432YCwfDMfZ+71RAqUrZef7LrKQZ3LHLOwCS4FLNBplP533Zx895SeOCHvA==

create-require@^1.1.0:
  version "1.1.1"
  resolved "https://registry.yarnpkg.com/create-require/-/create-require-1.1.1.tgz#c1d7e8f1e5f6cfc9ff65f9cd352d37348756c333"
  integrity sha512-dcKFX3jn0MpIaXjisoRvexIJVEKzaq7z2rZKxf+MSr9TkdmHmsU4m2lcLojrj/FHl8mk5VxMmYA+ftRkP/3oKQ==

diff@^4.0.1:
  version "4.0.2"
  resolved "https://registry.yarnpkg.com/diff/-/diff-4.0.2.tgz#60f3aecb89d5fae520c11aa19efc2bb982aade7d"
  integrity sha512-58lmxKSA4BNyLz+HHMUzlOEpg09FV+ev6ZMe3vJihgdxzgcwZ8VoEEPmALCZG9LmqfVoNMMKpttIYTVG6uDY7A==

effect@2.0.0-next.5:
  version "2.0.0-next.5"
  resolved "https://registry.yarnpkg.com/effect/-/effect-2.0.0-next.5.tgz#abcaba33454c8295409e6ac30301a633af8edb84"
  integrity sha512-JcwYlcAZndNE7wO2Mndr2Zc8NiIpz5Y0hG+wkSz9977rUYLNpbhjDQDiVO45oIPiIul16QldPLJuNCEQTtJYSg==
  dependencies:
    "@effect/io" "^0.0.13"
    "@effect/printer" "^0.1.3"
    "@fp-ts/core" "^0.0.8"
    "@fp-ts/data" "^0.0.15"
    "@fp-ts/optic" "^0.0.2"

make-error@^1.1.1:
  version "1.3.6"
  resolved "https://registry.yarnpkg.com/make-error/-/make-error-1.3.6.tgz#2eb2e37ea9b67c4891f684a1394799af484cf7a2"
  integrity sha512-s8UhlNe7vPKomQhC1qFelMokr/Sc3AgNbso3n74mVPA5LTZwkB9NlXf4XPamLxJE8h0gh73rM94xvwRT2CVInw==

prettier@^2.8.0:
  version "2.8.0"
  resolved "https://registry.yarnpkg.com/prettier/-/prettier-2.8.0.tgz#c7df58393c9ba77d6fba3921ae01faf994fb9dc9"
  integrity sha512-9Lmg8hTFZKG0Asr/kW9Bp8tJjRVluO8EJQVfY2T7FMw9T5jy4I/Uvx0Rca/XWf50QQ1/SS48+6IJWnrb+2yemA==

ts-node@^10.9.1:
  version "10.9.1"
  resolved "https://registry.yarnpkg.com/ts-node/-/ts-node-10.9.1.tgz#e73de9102958af9e1f0b168a6ff320e25adcff4b"
  integrity sha512-NtVysVPkxxrwFGUUxGYhfux8k78pQB3JqYBXlLRZgdGUqTO5wU/UyHop5p70iEbGhB7q5KmiZiU0Y3KlJrScEw==
  dependencies:
    "@cspotcode/source-map-support" "^0.8.0"
    "@tsconfig/node10" "^1.0.7"
    "@tsconfig/node12" "^1.0.7"
    "@tsconfig/node14" "^1.0.0"
    "@tsconfig/node16" "^1.0.2"
    acorn "^8.4.1"
    acorn-walk "^8.1.1"
    arg "^4.1.0"
    create-require "^1.1.0"
    diff "^4.0.1"
    make-error "^1.1.1"
    v8-compile-cache-lib "^3.0.1"
    yn "3.1.1"

typescript@^4.9.3:
  version "4.9.3"
  resolved "https://registry.yarnpkg.com/typescript/-/typescript-4.9.3.tgz#3aea307c1746b8c384435d8ac36b8a2e580d85db"
  integrity sha512-CIfGzTelbKNEnLpLdGFgdyKhG23CKdKgQPOBc+OUNrkJ2vr+KSzsSV5kq5iWhEQbok+quxgGzrAtGWCyU7tHnA==

v8-compile-cache-lib@^3.0.1:
  version "3.0.1"
  resolved "https://registry.yarnpkg.com/v8-compile-cache-lib/-/v8-compile-cache-lib-3.0.1.tgz#6336e8d71965cb3d35a1bbb7868445a7c05264bf"
  integrity sha512-wa7YjyUGfNZngI/vtK0UHAN+lgDCxBPCylVXGp0zu59Fz5aiGtNXaq3DhIov063MorB+VfufLh3JlF2KdTK3xg==

yn@3.1.1:
  version "3.1.1"
  resolved "https://registry.yarnpkg.com/yn/-/yn-3.1.1.tgz#1e87401a09d767c1d5eab26a6e4c185182d2eb50"
  integrity sha512-Ux4ygGWsu2c7isFWe8Yu1YluJmqVhxqK2cLXNQA5AcC3QfbGNpM7fu0Y8b/z16pXLnFxZYvWhd3fhBY9DLmC6Q==
