lockfileVersion: 5.4

specifiers:
  '@effect/language-service': ^0.0.11
  '@rollup/pluginutils': ^5.0.2
  '@types/node': ^18.11.11
  effect: 2.0.0-next.12
  prettier: ^2.8.0
  ts-node: ^10.9.1
  typescript: https://cdn.jsdelivr.net/npm/@tsplus/installer@0.0.156/compiler/typescript.tgz

dependencies:
  effect: 2.0.0-next.12

devDependencies:
  '@effect/language-service': 0.0.11
  '@rollup/pluginutils': 5.0.2
  '@types/node': 18.11.11
  prettier: 2.8.1
  ts-node: 10.9.1_yfgp4ccb5wu4qeivgwqw4nmrey
  typescript: '@cdn.jsdelivr.net/npm/@tsplus/installer@0.0.156/compiler/typescript.tgz'

packages:

  /@cspotcode/source-map-support/0.8.1:
    resolution: {integrity: sha512-IchNf6dN4tHoMFIn/7OE8LWZ19Y6q/67Bmf6vnGREv8RSbBVb9LPJxEcnwrcwX6ixSvaiGoomAUvu4YSxXrVgw==}
    engines: {node: '>=12'}
    dependencies:
      '@jridgewell/trace-mapping': 0.3.9
    dev: true

  /@effect/io/0.0.32:
    resolution: {integrity: sha512-5Qd8fanB2EQCl0Hwggyzk0/vx8oGrjgKRgZyX14JlszzBi8UAJ6iC1vjjsMQbObRZRNF+fnmN+Zre0T4+Opl7w==}
    dependencies:
      '@effect/printer': 0.1.11
      '@fp-ts/core': 0.0.9
      '@fp-ts/data': 0.0.22

  /@effect/language-service/0.0.11:
    resolution: {integrity: sha512-1uE1dSWxn8RBVPH/0voXIZTDDboxHeE1mwJvWkMYyjzFjXTSST0zAa8N0l8XAqM0FSKrFYUbK4IvbH+QQ2vm+A==}
    dependencies:
      '@effect/io': 0.0.32
      '@effect/printer': 0.1.11
      '@fp-ts/core': 0.0.9
      '@fp-ts/data': 0.0.22
    dev: true

  /@effect/printer/0.1.11:
    resolution: {integrity: sha512-95ha+/xFmDGG/FN0mZASJLBaU635IlhDcBxYO6sswqaheCz3s92Ouub+xTomjyPYtev5xAnVHQpZaaxcnjFaHQ==}
    dependencies:
      '@fp-ts/core': 0.0.9
      '@fp-ts/data': 0.0.22

  /@fp-ts/core/0.0.9:
    resolution: {integrity: sha512-FuXKPHTEvvgxV3LulGJXkSpAghovh7wLxux+Pm9LKefC0gtZZQ4OajTjTK5RsQtpyKIsAn26PwdG6W6zksF/UA==}

  /@fp-ts/data/0.0.22:
    resolution: {integrity: sha512-chgnnyMAT17WCfAIbD8vvnJOsPtA2Xi79oMNklexprI9YaV/2u8QeeerHCYKuEJihK6GuIJtAYSsOwjBYMfWcQ==}
    dependencies:
      '@fp-ts/core': 0.0.9

  /@fp-ts/optic/0.0.5:
    resolution: {integrity: sha512-fJqD8XVoFVtkCY4D6o9CiCNxhCNRrYXpukl714+KSqJeQgEuEdpyldf+F33anyppEWjbGE2QnkHpuKlFXsRSkw==}
    dependencies:
      '@fp-ts/core': 0.0.9
      '@fp-ts/data': 0.0.22
    dev: false

  /@fp-ts/schema/0.0.5:
    resolution: {integrity: sha512-y2zsqJDbe2uKlzLgG80U8TSaW9rDpUzZaBwNNtmvst5x72qZ9d3K/GpmvfmVBSAZ/dNFKh24UyUqbTrjjrxFVA==}
    dependencies:
      '@fp-ts/core': 0.0.9
      '@fp-ts/data': 0.0.22
      fast-check: 3.3.0
    dev: false

  /@jridgewell/resolve-uri/3.1.0:
    resolution: {integrity: sha512-F2msla3tad+Mfht5cJq7LSXcdudKTWCVYUgw6pLFOOHSTtZlj6SWNYAp+AhuqLmWdBO2X5hPrLcu8cVP8fy28w==}
    engines: {node: '>=6.0.0'}
    dev: true

  /@jridgewell/sourcemap-codec/1.4.14:
    resolution: {integrity: sha512-XPSJHWmi394fuUuzDnGz1wiKqWfo1yXecHQMRf2l6hztTO+nPru658AyDngaBe7isIxEkRsPR3FZh+s7iVa4Uw==}
    dev: true

  /@jridgewell/trace-mapping/0.3.9:
    resolution: {integrity: sha512-3Belt6tdc8bPgAtbcmdtNJlirVoTmEb5e2gC94PnkwEW9jI6CAHUeoG85tjWP5WquqfavoMtMwiG4P926ZKKuQ==}
    dependencies:
      '@jridgewell/resolve-uri': 3.1.0
      '@jridgewell/sourcemap-codec': 1.4.14
    dev: true

  /@rollup/pluginutils/5.0.2:
    resolution: {integrity: sha512-pTd9rIsP92h+B6wWwFbW8RkZv4hiR/xKsqre4SIuAOaOEQRxi0lqLke9k2/7WegC85GgUs9pjmOjCUi3In4vwA==}
    engines: {node: '>=14.0.0'}
    peerDependencies:
      rollup: ^1.20.0||^2.0.0||^3.0.0
    peerDependenciesMeta:
      rollup:
        optional: true
    dependencies:
      '@types/estree': 1.0.0
      estree-walker: 2.0.2
      picomatch: 2.3.1
    dev: true

  /@tsconfig/node10/1.0.9:
    resolution: {integrity: sha512-jNsYVVxU8v5g43Erja32laIDHXeoNvFEpX33OK4d6hljo3jDhCBDhx5dhCCTMWUojscpAagGiRkBKxpdl9fxqA==}
    dev: true

  /@tsconfig/node12/1.0.11:
    resolution: {integrity: sha512-cqefuRsh12pWyGsIoBKJA9luFu3mRxCA+ORZvA4ktLSzIuCUtWVxGIuXigEwO5/ywWFMZ2QEGKWvkZG1zDMTag==}
    dev: true

  /@tsconfig/node14/1.0.3:
    resolution: {integrity: sha512-ysT8mhdixWK6Hw3i1V2AeRqZ5WfXg1G43mqoYlM2nc6388Fq5jcXyr5mRsqViLx/GJYdoL0bfXD8nmF+Zn/Iow==}
    dev: true

  /@tsconfig/node16/1.0.3:
    resolution: {integrity: sha512-yOlFc+7UtL/89t2ZhjPvvB/DeAr3r+Dq58IgzsFkOAvVC6NMJXmCGjbptdXdR9qsX7pKcTL+s87FtYREi2dEEQ==}
    dev: true

  /@types/estree/1.0.0:
    resolution: {integrity: sha512-WulqXMDUTYAXCjZnk6JtIHPigp55cVtDgDrO2gHRwhyJto21+1zbVCtOYB2L1F9w4qCQ0rOGWBnBe0FNTiEJIQ==}
    dev: true

  /@types/node/18.11.11:
    resolution: {integrity: sha512-KJ021B1nlQUBLopzZmPBVuGU9un7WJd/W4ya7Ih02B4Uwky5Nja0yGYav2EfYIk0RR2Q9oVhf60S2XR1BCWJ2g==}
    dev: true

  /acorn-walk/8.2.0:
    resolution: {integrity: sha512-k+iyHEuPgSw6SbuDpGQM+06HQUa04DZ3o+F6CSzXMvvI5KMvnaEqXe+YVe555R9nn6GPt404fos4wcgpw12SDA==}
    engines: {node: '>=0.4.0'}
    dev: true

  /acorn/8.8.1:
    resolution: {integrity: sha512-7zFpHzhnqYKrkYdUjF1HI1bzd0VygEGX8lFk4k5zVMqHEoES+P+7TKI+EvLO9WVMJ8eekdO0aDEK044xTXwPPA==}
    engines: {node: '>=0.4.0'}
    hasBin: true
    dev: true

  /arg/4.1.3:
    resolution: {integrity: sha512-58S9QDqG0Xx27YwPSt9fJxivjYl432YCwfDMfZ+71RAqUrZef7LrKQZ3LHLOwCS4FLNBplP533Zx895SeOCHvA==}
    dev: true

  /create-require/1.1.1:
    resolution: {integrity: sha512-dcKFX3jn0MpIaXjisoRvexIJVEKzaq7z2rZKxf+MSr9TkdmHmsU4m2lcLojrj/FHl8mk5VxMmYA+ftRkP/3oKQ==}
    dev: true

  /diff/4.0.2:
    resolution: {integrity: sha512-58lmxKSA4BNyLz+HHMUzlOEpg09FV+ev6ZMe3vJihgdxzgcwZ8VoEEPmALCZG9LmqfVoNMMKpttIYTVG6uDY7A==}
    engines: {node: '>=0.3.1'}
    dev: true

  /effect/2.0.0-next.12:
    resolution: {integrity: sha512-POz40aX0PMRphrnNIpafe4/xIBoGAMoe0/d/c/xZx8xrRw9ozXQQNCPq04mSn3xfh29Wv9MYIV/IM8qpY5tCcQ==}
    dependencies:
      '@effect/io': 0.0.32
      '@effect/printer': 0.1.11
      '@fp-ts/core': 0.0.9
      '@fp-ts/data': 0.0.22
      '@fp-ts/optic': 0.0.5
      '@fp-ts/schema': 0.0.5
    dev: false

  /estree-walker/2.0.2:
    resolution: {integrity: sha512-Rfkk/Mp/DL7JVje3u18FxFujQlTNR2q6QfMSMB7AvCBx91NGj/ba3kCfza0f6dVDbw7YlRf/nDrn7pQrCCyQ/w==}
    dev: true

  /fast-check/3.3.0:
    resolution: {integrity: sha512-Zu6tZ4g0T4H9Tiz3tdNPEHrSbuICj7yhdOM9RCZKNMkpjZ9avDV3ORklXaEmh4zvkX24/bGZ9DxKKqWfXttUqw==}
    engines: {node: '>=8.0.0'}
    dependencies:
      pure-rand: 5.0.5
    dev: false

  /make-error/1.3.6:
    resolution: {integrity: sha512-s8UhlNe7vPKomQhC1qFelMokr/Sc3AgNbso3n74mVPA5LTZwkB9NlXf4XPamLxJE8h0gh73rM94xvwRT2CVInw==}
    dev: true

  /picomatch/2.3.1:
    resolution: {integrity: sha512-JU3teHTNjmE2VCGFzuY8EXzCDVwEqB2a8fsIvwaStHhAWJEeVd1o1QD80CU6+ZdEXXSLbSsuLwJjkCBWqRQUVA==}
    engines: {node: '>=8.6'}
    dev: true

  /prettier/2.8.1:
    resolution: {integrity: sha512-lqGoSJBQNJidqCHE80vqZJHWHRFoNYsSpP9AjFhlhi9ODCJA541svILes/+/1GM3VaL/abZi7cpFzOpdR9UPKg==}
    engines: {node: '>=10.13.0'}
    hasBin: true
    dev: true

  /pure-rand/5.0.5:
    resolution: {integrity: sha512-BwQpbqxSCBJVpamI6ydzcKqyFmnd5msMWUGvzXLm1aXvusbbgkbOto/EUPM00hjveJEaJtdbhUjKSzWRhQVkaw==}
    dev: false

  /ts-node/10.9.1_yfgp4ccb5wu4qeivgwqw4nmrey:
    resolution: {integrity: sha512-NtVysVPkxxrwFGUUxGYhfux8k78pQB3JqYBXlLRZgdGUqTO5wU/UyHop5p70iEbGhB7q5KmiZiU0Y3KlJrScEw==}
    hasBin: true
    peerDependencies:
      '@swc/core': '>=1.2.50'
      '@swc/wasm': '>=1.2.50'
      '@types/node': '*'
      typescript: '>=2.7'
    peerDependenciesMeta:
      '@swc/core':
        optional: true
      '@swc/wasm':
        optional: true
    dependencies:
      '@cspotcode/source-map-support': 0.8.1
      '@tsconfig/node10': 1.0.9
      '@tsconfig/node12': 1.0.11
      '@tsconfig/node14': 1.0.3
      '@tsconfig/node16': 1.0.3
      '@types/node': 18.11.11
      acorn: 8.8.1
      acorn-walk: 8.2.0
      arg: 4.1.3
      create-require: 1.1.1
      diff: 4.0.2
      make-error: 1.3.6
      typescript: '@cdn.jsdelivr.net/npm/@tsplus/installer@0.0.156/compiler/typescript.tgz'
      v8-compile-cache-lib: 3.0.1
      yn: 3.1.1
    dev: true

  /v8-compile-cache-lib/3.0.1:
    resolution: {integrity: sha512-wa7YjyUGfNZngI/vtK0UHAN+lgDCxBPCylVXGp0zu59Fz5aiGtNXaq3DhIov063MorB+VfufLh3JlF2KdTK3xg==}
    dev: true

  /yn/3.1.1:
    resolution: {integrity: sha512-Ux4ygGWsu2c7isFWe8Yu1YluJmqVhxqK2cLXNQA5AcC3QfbGNpM7fu0Y8b/z16pXLnFxZYvWhd3fhBY9DLmC6Q==}
    engines: {node: '>=6'}
    dev: true

  '@cdn.jsdelivr.net/npm/@tsplus/installer@0.0.156/compiler/typescript.tgz':
    resolution: {tarball: https://cdn.jsdelivr.net/npm/@tsplus/installer@0.0.156/compiler/typescript.tgz}
    name: typescript
    version: 5.0.0-tsplus.20221124
    engines: {node: '>=4.2.0'}
    hasBin: true
    dev: true
